// !$*UTF8*$!
{
	archiveVersion = 1;
	classes = {
	};
	objectVersion = 50;
	objects = {

/* Begin PBXBuildFile section */
		071CF1945D11DC20C2738AF7 /* Pods_Todoy.framework in Frameworks */ = {isa = PBXBuildFile; fileRef = 826547035EC480BC64896EDE /* Pods_Todoy.framework */; };
		840E5A0721C397B4008CF66C /* AppDelegate.swift in Sources */ = {isa = PBXBuildFile; fileRef = 840E5A0621C397B4008CF66C /* AppDelegate.swift */; };
		840E5A0921C397B4008CF66C /* TodoyViewController.swift in Sources */ = {isa = PBXBuildFile; fileRef = 840E5A0821C397B4008CF66C /* TodoyViewController.swift */; };
		840E5A0C21C397B4008CF66C /* Main.storyboard in Resources */ = {isa = PBXBuildFile; fileRef = 840E5A0A21C397B4008CF66C /* Main.storyboard */; };
		840E5A0E21C397B9008CF66C /* Assets.xcassets in Resources */ = {isa = PBXBuildFile; fileRef = 840E5A0D21C397B9008CF66C /* Assets.xcassets */; };
		840E5A1121C397B9008CF66C /* LaunchScreen.storyboard in Resources */ = {isa = PBXBuildFile; fileRef = 840E5A0F21C397B9008CF66C /* LaunchScreen.storyboard */; };
		840F48D521C812BA00D4ACE2 /* CategoryTableViewController.swift in Sources */ = {isa = PBXBuildFile; fileRef = 840F48D421C812BA00D4ACE2 /* CategoryTableViewController.swift */; };
		84F68AF321C579330030AB33 /* DataModel.xcdatamodeld in Sources */ = {isa = PBXBuildFile; fileRef = 84F68AF121C579330030AB33 /* DataModel.xcdatamodeld */; };
/* End PBXBuildFile section */

/* Begin PBXFileReference section */
		40AAF3624E04F1B9D211441D /* Pods-Todoy.debug.xcconfig */ = {isa = PBXFileReference; includeInIndex = 1; lastKnownFileType = text.xcconfig; name = "Pods-Todoy.debug.xcconfig"; path = "Pods/Target Support Files/Pods-Todoy/Pods-Todoy.debug.xcconfig"; sourceTree = "<group>"; };
		826547035EC480BC64896EDE /* Pods_Todoy.framework */ = {isa = PBXFileReference; explicitFileType = wrapper.framework; includeInIndex = 0; path = Pods_Todoy.framework; sourceTree = BUILT_PRODUCTS_DIR; };
		840E5A0321C397B4008CF66C /* Todoy.app */ = {isa = PBXFileReference; explicitFileType = wrapper.application; includeInIndex = 0; path = Todoy.app; sourceTree = BUILT_PRODUCTS_DIR; };
		840E5A0621C397B4008CF66C /* AppDelegate.swift */ = {isa = PBXFileReference; lastKnownFileType = sourcecode.swift; path = AppDelegate.swift; sourceTree = "<group>"; };
		840E5A0821C397B4008CF66C /* TodoyViewController.swift */ = {isa = PBXFileReference; lastKnownFileType = sourcecode.swift; path = TodoyViewController.swift; sourceTree = "<group>"; };
		840E5A0B21C397B4008CF66C /* Base */ = {isa = PBXFileReference; lastKnownFileType = file.storyboard; name = Base; path = Base.lproj/Main.storyboard; sourceTree = "<group>"; };
		840E5A0D21C397B9008CF66C /* Assets.xcassets */ = {isa = PBXFileReference; lastKnownFileType = folder.assetcatalog; path = Assets.xcassets; sourceTree = "<group>"; };
		840E5A1021C397B9008CF66C /* Base */ = {isa = PBXFileReference; lastKnownFileType = file.storyboard; name = Base; path = Base.lproj/LaunchScreen.storyboard; sourceTree = "<group>"; };
		840E5A1221C397B9008CF66C /* Info.plist */ = {isa = PBXFileReference; lastKnownFileType = text.plist.xml; path = Info.plist; sourceTree = "<group>"; };
		840F48D421C812BA00D4ACE2 /* CategoryTableViewController.swift */ = {isa = PBXFileReference; lastKnownFileType = sourcecode.swift; path = CategoryTableViewController.swift; sourceTree = "<group>"; };
		84F68AF221C579330030AB33 /* DataModel.xcdatamodel */ = {isa = PBXFileReference; lastKnownFileType = wrapper.xcdatamodel; path = DataModel.xcdatamodel; sourceTree = "<group>"; };
		F6E8CA72EBD3C058FD53D9C9 /* Pods-Todoy.release.xcconfig */ = {isa = PBXFileReference; includeInIndex = 1; lastKnownFileType = text.xcconfig; name = "Pods-Todoy.release.xcconfig"; path = "Pods/Target Support Files/Pods-Todoy/Pods-Todoy.release.xcconfig"; sourceTree = "<group>"; };
/* End PBXFileReference section */

/* Begin PBXFrameworksBuildPhase section */
		840E5A0021C397B4008CF66C /* Frameworks */ = {
			isa = PBXFrameworksBuildPhase;
			buildActionMask = 2147483647;
			files = (
				071CF1945D11DC20C2738AF7 /* Pods_Todoy.framework in Frameworks */,
			);
			runOnlyForDeploymentPostprocessing = 0;
		};
/* End PBXFrameworksBuildPhase section */

/* Begin PBXGroup section */
		17FF1891FA9A844E8C7FD604 /* Frameworks */ = {
			isa = PBXGroup;
			children = (
				826547035EC480BC64896EDE /* Pods_Todoy.framework */,
			);
			name = Frameworks;
			sourceTree = "<group>";
		};
		840E59FA21C397B4008CF66C = {
			isa = PBXGroup;
			children = (
				840E5A0521C397B4008CF66C /* Todoy */,
				840E5A0421C397B4008CF66C /* Products */,
				9B4D16311F4DF9CEFF1366CA /* Pods */,
				17FF1891FA9A844E8C7FD604 /* Frameworks */,
			);
			sourceTree = "<group>";
		};
		840E5A0421C397B4008CF66C /* Products */ = {
			isa = PBXGroup;
			children = (
				840E5A0321C397B4008CF66C /* Todoy.app */,
			);
			name = Products;
			sourceTree = "<group>";
		};
		840E5A0521C397B4008CF66C /* Todoy */ = {
			isa = PBXGroup;
			children = (
				840E5A0621C397B4008CF66C /* AppDelegate.swift */,
				840EF7E221C440B40062038F /* Controllers */,
				840EF7E021C440730062038F /* Data Model */,
				840EF7E321C440DF0062038F /* Views */,
				840EF7E421C441010062038F /* Supporting files */,
				840E5A1221C397B9008CF66C /* Info.plist */,
			);
			path = Todoy;
			sourceTree = "<group>";
		};
		840EF7E021C440730062038F /* Data Model */ = {
			isa = PBXGroup;
			children = (
				84F68AF121C579330030AB33 /* DataModel.xcdatamodeld */,
			);
			path = "Data Model";
			sourceTree = "<group>";
		};
		840EF7E221C440B40062038F /* Controllers */ = {
			isa = PBXGroup;
			children = (
				840F48D421C812BA00D4ACE2 /* CategoryTableViewController.swift */,
				840E5A0821C397B4008CF66C /* TodoyViewController.swift */,
			);
			path = Controllers;
			sourceTree = "<group>";
		};
		840EF7E321C440DF0062038F /* Views */ = {
			isa = PBXGroup;
			children = (
				840E5A0A21C397B4008CF66C /* Main.storyboard */,
			);
			path = Views;
			sourceTree = "<group>";
		};
		840EF7E421C441010062038F /* Supporting files */ = {
			isa = PBXGroup;
			children = (
				840E5A0D21C397B9008CF66C /* Assets.xcassets */,
				840E5A0F21C397B9008CF66C /* LaunchScreen.storyboard */,
			);
			path = "Supporting files";
			sourceTree = "<group>";
		};
		9B4D16311F4DF9CEFF1366CA /* Pods */ = {
			isa = PBXGroup;
			children = (
				40AAF3624E04F1B9D211441D /* Pods-Todoy.debug.xcconfig */,
				F6E8CA72EBD3C058FD53D9C9 /* Pods-Todoy.release.xcconfig */,
			);
			name = Pods;
			sourceTree = "<group>";
		};
/* End PBXGroup section */

/* Begin PBXNativeTarget section */
		840E5A0221C397B4008CF66C /* Todoy */ = {
			isa = PBXNativeTarget;
			buildConfigurationList = 840E5A1521C397B9008CF66C /* Build configuration list for PBXNativeTarget "Todoy" */;
			buildPhases = (
				54C626EB508F86DEF3EBD46B /* [CP] Check Pods Manifest.lock */,
				840E59FF21C397B4008CF66C /* Sources */,
				840E5A0021C397B4008CF66C /* Frameworks */,
				840E5A0121C397B4008CF66C /* Resources */,
				97696920447ADD3B6551A129 /* [CP] Embed Pods Frameworks */,
			);
			buildRules = (
			);
			dependencies = (
			);
			name = Todoy;
			productName = Todoy;
			productReference = 840E5A0321C397B4008CF66C /* Todoy.app */;
			productType = "com.apple.product-type.application";
		};
/* End PBXNativeTarget section */

/* Begin PBXProject section */
		840E59FB21C397B4008CF66C /* Project object */ = {
			isa = PBXProject;
			attributes = {
				LastSwiftUpdateCheck = 0940;
				LastUpgradeCheck = 0940;
				ORGANIZATIONNAME = mhwboa;
				TargetAttributes = {
					840E5A0221C397B4008CF66C = {
						CreatedOnToolsVersion = 9.4.1;
					};
				};
			};
			buildConfigurationList = 840E59FE21C397B4008CF66C /* Build configuration list for PBXProject "Todoy" */;
			compatibilityVersion = "Xcode 9.3";
			developmentRegion = en;
			hasScannedForEncodings = 0;
			knownRegions = (
				en,
				Base,
			);
			mainGroup = 840E59FA21C397B4008CF66C;
			productRefGroup = 840E5A0421C397B4008CF66C /* Products */;
			projectDirPath = "";
			projectRoot = "";
			targets = (
				840E5A0221C397B4008CF66C /* Todoy */,
			);
		};
/* End PBXProject section */

/* Begin PBXResourcesBuildPhase section */
		840E5A0121C397B4008CF66C /* Resources */ = {
			isa = PBXResourcesBuildPhase;
			buildActionMask = 2147483647;
			files = (
				840E5A1121C397B9008CF66C /* LaunchScreen.storyboard in Resources */,
				840E5A0E21C397B9008CF66C /* Assets.xcassets in Resources */,
				840E5A0C21C397B4008CF66C /* Main.storyboard in Resources */,
			);
			runOnlyForDeploymentPostprocessing = 0;
		};
/* End PBXResourcesBuildPhase section */

/* Begin PBXShellScriptBuildPhase section */
		54C626EB508F86DEF3EBD46B /* [CP] Check Pods Manifest.lock */ = {
			isa = PBXShellScriptBuildPhase;
			buildActionMask = 2147483647;
			files = (
			);
			inputFileListPaths = (
			);
			inputPaths = (
				"${PODS_PODFILE_DIR_PATH}/Podfile.lock",
				"${PODS_ROOT}/Manifest.lock",
			);
			name = "[CP] Check Pods Manifest.lock";
			outputFileListPaths = (
			);
			outputPaths = (
				"$(DERIVED_FILE_DIR)/Pods-Todoy-checkManifestLockResult.txt",
			);
			runOnlyForDeploymentPostprocessing = 0;
			shellPath = /bin/sh;
			shellScript = "diff \"${PODS_PODFILE_DIR_PATH}/Podfile.lock\" \"${PODS_ROOT}/Manifest.lock\" > /dev/null\nif [ $? != 0 ] ; then\n    # print error to STDERR\n    echo \"error: The sandbox is not in sync with the Podfile.lock. Run 'pod install' or update your CocoaPods installation.\" >&2\n    exit 1\nfi\n# This output is used by Xcode 'outputs' to avoid re-running this script phase.\necho \"SUCCESS\" > \"${SCRIPT_OUTPUT_FILE_0}\"\n";
			showEnvVarsInLog = 0;
		};
		97696920447ADD3B6551A129 /* [CP] Embed Pods Frameworks */ = {
			isa = PBXShellScriptBuildPhase;
			buildActionMask = 2147483647;
			files = (
			);
			inputFileListPaths = (
			);
			inputPaths = (
				"${SRCROOT}/Pods/Target Support Files/Pods-Todoy/Pods-Todoy-frameworks.sh",
				"${BUILT_PRODUCTS_DIR}/Realm/Realm.framework",
				"${BUILT_PRODUCTS_DIR}/RealmSwift/RealmSwift.framework",
			);
			name = "[CP] Embed Pods Frameworks";
			outputFileListPaths = (
			);
			outputPaths = (
				"${TARGET_BUILD_DIR}/${FRAMEWORKS_FOLDER_PATH}/Realm.framework",
				"${TARGET_BUILD_DIR}/${FRAMEWORKS_FOLDER_PATH}/RealmSwift.framework",
			);
			runOnlyForDeploymentPostprocessing = 0;
			shellPath = /bin/sh;
			shellScript = "\"${SRCROOT}/Pods/Target Support Files/Pods-Todoy/Pods-Todoy-frameworks.sh\"\n";
			showEnvVarsInLog = 0;
		};
/* End PBXShellScriptBuildPhase section */

/* Begin PBXSourcesBuildPhase section */
		840E59FF21C397B4008CF66C /* Sources */ = {
			isa = PBXSourcesBuildPhase;
			buildActionMask = 2147483647;
			files = (
				840E5A0921C397B4008CF66C /* TodoyViewController.swift in Sources */,
				84F68AF321C579330030AB33 /* DataModel.xcdatamodeld in Sources */,
				840E5A0721C397B4008CF66C /* AppDelegate.swift in Sources */,
				840F48D521C812BA00D4ACE2 /* CategoryTableViewController.swift in Sources */,
			);
			runOnlyForDeploymentPostprocessing = 0;
		};
/* End PBXSourcesBuildPhase section */

/* Begin PBXVariantGroup section */
		840E5A0A21C397B4008CF66C /* Main.storyboard */ = {
			isa = PBXVariantGroup;
			children = (
				840E5A0B21C397B4008CF66C /* Base */,
			);
			name = Main.storyboard;
			sourceTree = "<group>";
		};
		840E5A0F21C397B9008CF66C /* LaunchScreen.storyboard */ = {
			isa = PBXVariantGroup;
			children = (
				840E5A1021C397B9008CF66C /* Base */,
			);
			name = LaunchScreen.storyboard;
			sourceTree = "<group>";
		};
/* End PBXVariantGroup section */

/* Begin XCBuildConfiguration section */
		840E5A1321C397B9008CF66C /* Debug */ = {
			isa = XCBuildConfiguration;
			buildSettings = {
				ALWAYS_SEARCH_USER_PATHS = NO;
				CLANG_ANALYZER_NONNULL = YES;
				CLANG_ANALYZER_NUMBER_OBJECT_CONVERSION = YES_AGGRESSIVE;
				CLANG_CXX_LANGUAGE_STANDARD = "gnu++14";
				CLANG_CXX_LIBRARY = "libc++";
				CLANG_ENABLE_MODULES = YES;
				CLANG_ENABLE_OBJC_ARC = YES;
				CLANG_ENABLE_OBJC_WEAK = YES;
				CLANG_WARN_BLOCK_CAPTURE_AUTORELEASING = YES;
				CLANG_WARN_BOOL_CONVERSION = YES;
				CLANG_WARN_COMMA = YES;
				CLANG_WARN_CONSTANT_CONVERSION = YES;
				CLANG_WARN_DEPRECATED_OBJC_IMPLEMENTATIONS = YES;
				CLANG_WARN_DIRECT_OBJC_ISA_USAGE = YES_ERROR;
				CLANG_WARN_DOCUMENTATION_COMMENTS = YES;
				CLANG_WARN_EMPTY_BODY = YES;
				CLANG_WARN_ENUM_CONVERSION = YES;
				CLANG_WARN_INFINITE_RECURSION = YES;
				CLANG_WARN_INT_CONVERSION = YES;
				CLANG_WARN_NON_LITERAL_NULL_CONVERSION = YES;
				CLANG_WARN_OBJC_IMPLICIT_RETAIN_SELF = YES;
				CLANG_WARN_OBJC_LITERAL_CONVERSION = YES;
				CLANG_WARN_OBJC_ROOT_CLASS = YES_ERROR;
				CLANG_WARN_RANGE_LOOP_ANALYSIS = YES;
				CLANG_WARN_STRICT_PROTOTYPES = YES;
				CLANG_WARN_SUSPICIOUS_MOVE = YES;
				CLANG_WARN_UNGUARDED_AVAILABILITY = YES_AGGRESSIVE;
				CLANG_WARN_UNREACHABLE_CODE = YES;
				CLANG_WARN__DUPLICATE_METHOD_MATCH = YES;
				CODE_SIGN_IDENTITY = "iPhone Developer";
				COPY_PHASE_STRIP = NO;
				DEBUG_INFORMATION_FORMAT = dwarf;
				ENABLE_STRICT_OBJC_MSGSEND = YES;
				ENABLE_TESTABILITY = YES;
				GCC_C_LANGUAGE_STANDARD = gnu11;
				GCC_DYNAMIC_NO_PIC = NO;
				GCC_NO_COMMON_BLOCKS = YES;
				GCC_OPTIMIZATION_LEVEL = 0;
				GCC_PREPROCESSOR_DEFINITIONS = (
					"DEBUG=1",
					"$(inherited)",
				);
				GCC_WARN_64_TO_32_BIT_CONVERSION = YES;
				GCC_WARN_ABOUT_RETURN_TYPE = YES_ERROR;
				GCC_WARN_UNDECLARED_SELECTOR = YES;
				GCC_WARN_UNINITIALIZED_AUTOS = YES_AGGRESSIVE;
				GCC_WARN_UNUSED_FUNCTION = YES;
				GCC_WARN_UNUSED_VARIABLE = YES;
				IPHONEOS_DEPLOYMENT_TARGET = 11.4;
				MTL_ENABLE_DEBUG_INFO = YES;
				ONLY_ACTIVE_ARCH = YES;
				SDKROOT = iphoneos;
				SWIFT_ACTIVE_COMPILATION_CONDITIONS = DEBUG;
				SWIFT_OPTIMIZATION_LEVEL = "-Onone";
			};
			name = Debug;
		};
		840E5A1421C397B9008CF66C /* Release */ = {
			isa = XCBuildConfiguration;
			buildSettings = {
				ALWAYS_SEARCH_USER_PATHS = NO;
				CLANG_ANALYZER_NONNULL = YES;
				CLANG_ANALYZER_NUMBER_OBJECT_CONVERSION = YES_AGGRESSIVE;
				CLANG_CXX_LANGUAGE_STANDARD = "gnu++14";
				CLANG_CXX_LIBRARY = "libc++";
				CLANG_ENABLE_MODULES = YES;
				CLANG_ENABLE_OBJC_ARC = YES;
				CLANG_ENABLE_OBJC_WEAK = YES;
				CLANG_WARN_BLOCK_CAPTURE_AUTORELEASING = YES;
				CLANG_WARN_BOOL_CONVERSION = YES;
				CLANG_WARN_COMMA = YES;
				CLANG_WARN_CONSTANT_CONVERSION = YES;
				CLANG_WARN_DEPRECATED_OBJC_IMPLEMENTATIONS = YES;
				CLANG_WARN_DIRECT_OBJC_ISA_USAGE = YES_ERROR;
				CLANG_WARN_DOCUMENTATION_COMMENTS = YES;
				CLANG_WARN_EMPTY_BODY = YES;
				CLANG_WARN_ENUM_CONVERSION = YES;
				CLANG_WARN_INFINITE_RECURSION = YES;
				CLANG_WARN_INT_CONVERSION = YES;
				CLANG_WARN_NON_LITERAL_NULL_CONVERSION = YES;
				CLANG_WARN_OBJC_IMPLICIT_RETAIN_SELF = YES;
				CLANG_WARN_OBJC_LITERAL_CONVERSION = YES;
				CLANG_WARN_OBJC_ROOT_CLASS = YES_ERROR;
				CLANG_WARN_RANGE_LOOP_ANALYSIS = YES;
				CLANG_WARN_STRICT_PROTOTYPES = YES;
				CLANG_WARN_SUSPICIOUS_MOVE = YES;
				CLANG_WARN_UNGUARDED_AVAILABILITY = YES_AGGRESSIVE;
				CLANG_WARN_UNREACHABLE_CODE = YES;
				CLANG_WARN__DUPLICATE_METHOD_MATCH = YES;
				CODE_SIGN_IDENTITY = "iPhone Developer";
				COPY_PHASE_STRIP = NO;
				DEBUG_INFORMATION_FORMAT = "dwarf-with-dsym";
				ENABLE_NS_ASSERTIONS = NO;
				ENABLE_STRICT_OBJC_MSGSEND = YES;
				GCC_C_LANGUAGE_STANDARD = gnu11;
				GCC_NO_COMMON_BLOCKS = YES;
				GCC_WARN_64_TO_32_BIT_CONVERSION = YES;
				GCC_WARN_ABOUT_RETURN_TYPE = YES_ERROR;
				GCC_WARN_UNDECLARED_SELECTOR = YES;
				GCC_WARN_UNINITIALIZED_AUTOS = YES_AGGRESSIVE;
				GCC_WARN_UNUSED_FUNCTION = YES;
				GCC_WARN_UNUSED_VARIABLE = YES;
				IPHONEOS_DEPLOYMENT_TARGET = 11.4;
				MTL_ENABLE_DEBUG_INFO = NO;
				SDKROOT = iphoneos;
				SWIFT_COMPILATION_MODE = wholemodule;
				SWIFT_OPTIMIZATION_LEVEL = "-O";
				VALIDATE_PRODUCT = YES;
			};
			name = Release;
		};
		840E5A1621C397B9008CF66C /* Debug */ = {
			isa = XCBuildConfiguration;
			baseConfigurationReference = 40AAF3624E04F1B9D211441D /* Pods-Todoy.debug.xcconfig */;
			buildSettings = {
				ASSETCATALOG_COMPILER_APPICON_NAME = AppIcon;
				CODE_SIGN_STYLE = Automatic;
				DEVELOPMENT_TEAM = A39WX9UWBY;
				INFOPLIST_FILE = Todoy/Info.plist;
				LD_RUNPATH_SEARCH_PATHS = (
					"$(inherited)",
					"@executable_path/Frameworks",
				);
				PRODUCT_BUNDLE_IDENTIFIER = mhwboa.Todoy;
				PRODUCT_NAME = "$(TARGET_NAME)";
				SWIFT_VERSION = 4.0;
				TARGETED_DEVICE_FAMILY = "1,2";
			};
			name = Debug;
		};
		840E5A1721C397B9008CF66C /* Release */ = {
			isa = XCBuildConfiguration;
			baseConfigurationReference = F6E8CA72EBD3C058FD53D9C9 /* Pods-Todoy.release.xcconfig */;
			buildSettings = {
				ASSETCATALOG_COMPILER_APPICON_NAME = AppIcon;
				CODE_SIGN_STYLE = Automatic;
				DEVELOPMENT_TEAM = A39WX9UWBY;
				INFOPLIST_FILE = Todoy/Info.plist;
				LD_RUNPATH_SEARCH_PATHS = (
					"$(inherited)",
					"@executable_path/Frameworks",
				);
				PRODUCT_BUNDLE_IDENTIFIER = mhwboa.Todoy;
				PRODUCT_NAME = "$(TARGET_NAME)";
				SWIFT_VERSION = 4.0;
				TARGETED_DEVICE_FAMILY = "1,2";
			};
			name = Release;
		};
/* End XCBuildConfiguration section */

/* Begin XCConfigurationList section */
		840E59FE21C397B4008CF66C /* Build configuration list for PBXProject "Todoy" */ = {
			isa = XCConfigurationList;
			buildConfigurations = (
				840E5A1321C397B9008CF66C /* Debug */,
				840E5A1421C397B9008CF66C /* Release */,
			);
			defaultConfigurationIsVisible = 0;
			defaultConfigurationName = Release;
		};
		840E5A1521C397B9008CF66C /* Build configuration list for PBXNativeTarget "Todoy" */ = {
			isa = XCConfigurationList;
			buildConfigurations = (
				840E5A1621C397B9008CF66C /* Debug */,
				840E5A1721C397B9008CF66C /* Release */,
			);
			defaultConfigurationIsVisible = 0;
			defaultConfigurationName = Release;
		};
/* End XCConfigurationList section */

/* Begin XCVersionGroup section */
		84F68AF121C579330030AB33 /* DataModel.xcdatamodeld */ = {
			isa = XCVersionGroup;
			children = (
				84F68AF221C579330030AB33 /* DataModel.xcdatamodel */,
			);
			currentVersion = 84F68AF221C579330030AB33 /* DataModel.xcdatamodel */;
			path = DataModel.xcdatamodeld;
			sourceTree = "<group>";
			versionGroupType = wrapper.xcdatamodel;
		};
/* End XCVersionGroup section */
	};
	rootObject = 840E59FB21C397B4008CF66C /* Project object */;
}
